
Microsoft Visual Studio Solution File, Format Version 12.00
# Visual Studio Version 16
VisualStudioVersion = 16.0.30114.105
MinimumVisualStudioVersion = 10.0.40219.1
Project("{9A19103F-16F7-4668-BE54-9A1E7A4F7556}") = "Dime.Logging", "core\Dime.Logging\Dime.Logging.csproj", "{80D4BDFF-CD81-4ECA-BB68-6A331074D5C6}"
EndProject
Project("{9A19103F-16F7-4668-BE54-9A1E7A4F7556}") = "Dime.Logging.Log4Net", "core\Dime.Logging.Log4net\Dime.Logging.Log4Net.csproj", "{55AE1B0F-1793-4335-90A3-495D2957FA3F}"
EndProject
Project("{FAE04EC0-301F-11D3-BF4B-00C04F79EFBC}") = "Dime.Logging.Log4Net.AspNet", "core\Dime.Logging.Log4net.AspNet\Dime.Logging.Log4Net.AspNet.csproj", "{B11EEEF7-C910-452D-9C9A-E2A6D1DB8070}"
EndProject
Global
	GlobalSection(SolutionConfigurationPlatforms) = preSolution
		Azure|Any CPU = Azure|Any CPU
		Debug|Any CPU = Debug|Any CPU
		NuGet|Any CPU = NuGet|Any CPU
		Release|Any CPU = Release|Any CPU
	EndGlobalSection
	GlobalSection(ProjectConfigurationPlatforms) = postSolution
		{80D4BDFF-CD81-4ECA-BB68-6A331074D5C6}.Azure|Any CPU.ActiveCfg = Release|Any CPU
		{80D4BDFF-CD81-4ECA-BB68-6A331074D5C6}.Azure|Any CPU.Build.0 = Release|Any CPU
		{80D4BDFF-CD81-4ECA-BB68-6A331074D5C6}.Debug|Any CPU.ActiveCfg = Debug|Any CPU
		{80D4BDFF-CD81-4ECA-BB68-6A331074D5C6}.Debug|Any CPU.Build.0 = Debug|Any CPU
		{80D4BDFF-CD81-4ECA-BB68-6A331074D5C6}.NuGet|Any CPU.ActiveCfg = Release|Any CPU
		{80D4BDFF-CD81-4ECA-BB68-6A331074D5C6}.NuGet|Any CPU.Build.0 = Release|Any CPU
		{80D4BDFF-CD81-4ECA-BB68-6A331074D5C6}.Release|Any CPU.ActiveCfg = Release|Any CPU
		{80D4BDFF-CD81-4ECA-BB68-6A331074D5C6}.Release|Any CPU.Build.0 = Release|Any CPU
		{55AE1B0F-1793-4335-90A3-495D2957FA3F}.Azure|Any CPU.ActiveCfg = Release|Any CPU
		{55AE1B0F-1793-4335-90A3-495D2957FA3F}.Azure|Any CPU.Build.0 = Release|Any CPU
		{55AE1B0F-1793-4335-90A3-495D2957FA3F}.Debug|Any CPU.ActiveCfg = Debug|Any CPU
		{55AE1B0F-1793-4335-90A3-495D2957FA3F}.Debug|Any CPU.Build.0 = Debug|Any CPU
		{55AE1B0F-1793-4335-90A3-495D2957FA3F}.NuGet|Any CPU.ActiveCfg = Release|Any CPU
		{55AE1B0F-1793-4335-90A3-495D2957FA3F}.NuGet|Any CPU.Build.0 = Release|Any CPU
		{55AE1B0F-1793-4335-90A3-495D2957FA3F}.Release|Any CPU.ActiveCfg = Release|Any CPU
		{55AE1B0F-1793-4335-90A3-495D2957FA3F}.Release|Any CPU.Build.0 = Release|Any CPU
		{B11EEEF7-C910-452D-9C9A-E2A6D1DB8070}.Azure|Any CPU.ActiveCfg = Release|Any CPU
		{B11EEEF7-C910-452D-9C9A-E2A6D1DB8070}.Azure|Any CPU.Build.0 = Release|Any CPU
		{B11EEEF7-C910-452D-9C9A-E2A6D1DB8070}.Debug|Any CPU.ActiveCfg = Debug|Any CPU
		{B11EEEF7-C910-452D-9C9A-E2A6D1DB8070}.Debug|Any CPU.Build.0 = Debug|Any CPU
		{B11EEEF7-C910-452D-9C9A-E2A6D1DB8070}.NuGet|Any CPU.ActiveCfg = Release|Any CPU
		{B11EEEF7-C910-452D-9C9A-E2A6D1DB8070}.NuGet|Any CPU.Build.0 = Release|Any CPU
		{B11EEEF7-C910-452D-9C9A-E2A6D1DB8070}.Release|Any CPU.ActiveCfg = Release|Any CPU
		{B11EEEF7-C910-452D-9C9A-E2A6D1DB8070}.Release|Any CPU.Build.0 = Release|Any CPU
	EndGlobalSection
	GlobalSection(SolutionProperties) = preSolution
		HideSolutionNode = FALSE
	EndGlobalSection
	GlobalSection(ExtensibilityGlobals) = postSolution
		SolutionGuid = {78B5508B-59D6-4DA8-92A5-DA92AC038AAA}
	EndGlobalSection
EndGlobal
